# This file was autogenerated by Stack.
# You should not edit this file by hand.
# For more information, please see the documentation at:
#   https://docs.haskellstack.org/en/stable/topics/lock_files

packages: []
snapshots:
- completed:
    sha256: ffe743a611ed06e9e1f2dd30fcac4a1a1bbeb7619d66639fe1cc9d1fb692d49b
    size: 692684
    url: https://raw.githubusercontent.com/commercialhaskell/stackage-snapshots/master/nightly/2025/9/15.yaml
  original: nightly-2025-09-15
