# This file was autogenerated by Stack.
# You should not edit this file by hand.
# For more information, please see the documentation at:
#   https://docs.haskellstack.org/en/stable/topics/lock_files

packages: []
snapshots:
- completed:
    sha256: ff8bf94902277a37e41b5e037ac3cb49add646e70ec613c550af4321370c059c
    size: 696385
    url: https://raw.githubusercontent.com/commercialhaskell/stackage-snapshots/master/nightly/2025/9/22.yaml
  original: nightly-2025-09-22
