# This file was autogenerated by Stack.
# You should not edit this file by hand.
# For more information, please see the documentation at:
#   https://docs.haskellstack.org/en/stable/lock_files

packages: []
snapshots:
- completed:
    sha256: df68a6720fa104c94823ee5e517d8d5bfdafc42693d3ccc50a599fd943326998
    size: 639352
    url: https://raw.githubusercontent.com/commercialhaskell/stackage-snapshots/master/nightly/2023/6/19.yaml
  original: nightly-2023-06-19
