# This file was autogenerated by Stack.
# You should not edit this file by hand.
# For more information, please see the documentation at:
#   https://docs.haskellstack.org/en/stable/lock_files

packages: []
snapshots:
- completed:
    sha256: 3a9e2e78fabe2b407da707136d33c9a293b5d78186aea9ab13c552902807e543
    size: 640466
    url: https://raw.githubusercontent.com/commercialhaskell/stackage-snapshots/master/nightly/2024/5/20.yaml
  original: nightly-2024-05-20
