# This file was autogenerated by Stack.
# You should not edit this file by hand.
# For more information, please see the documentation at:
#   https://docs.haskellstack.org/en/stable/lock_files

packages: []
snapshots:
- completed:
    sha256: eaacd008a9ade10f0a8ff460afdd6564469e70b8e1663c0404d95651788dc7a5
    size: 600986
    url: https://raw.githubusercontent.com/commercialhaskell/stackage-snapshots/master/nightly/2023/4/4.yaml
  original: nightly-2023-04-04
