# This file was autogenerated by Stack.
# You should not edit this file by hand.
# For more information, please see the documentation at:
#   https://docs.haskellstack.org/en/stable/lock_files

packages: []
snapshots:
- completed:
    sha256: 69006d51944c30eb593586ff7218baaa8ab90a040eb75bed2a5b1f41244f7351
    size: 598792
    url: https://raw.githubusercontent.com/commercialhaskell/stackage-snapshots/master/nightly/2023/3/10.yaml
  original: nightly-2023-03-10
