# This file was autogenerated by Stack.
# You should not edit this file by hand.
# For more information, please see the documentation at:
#   https://docs.haskellstack.org/en/stable/lock_files

packages:
- completed:
    hackage: QuickCheck-2.14.2@sha256:4ce29211223d5e6620ebceba34a3ca9ccf1c10c0cf387d48aea45599222ee5aa,7736
    pantry-tree:
      sha256: 2fe423d0ed7cd64f0f165d708779f48814e66c4f181c568468134af55d86a5f8
      size: 2315
  original:
    hackage: QuickCheck-2.14.2
- completed:
    hackage: constraints-0.13.4@sha256:2133e56e14e130a1a40b0737deeaf6859402279720210531723bc19b898c5544,2396
    pantry-tree:
      sha256: 33ad0e51fc2546956554265c8b14519e89daa9958bc03ba8415192741ab5bf46
      size: 867
  original:
    hackage: constraints-0.13.4
- completed:
    hackage: hashable-1.4.1.0@sha256:50b2f002c68fe67730ee7a3cd8607486197dd99b084255005ad51ecd6970a41b,5019
    pantry-tree:
      sha256: 9af2f7a42674f7effcabbebc043f97057240783f1709338a77f58216f4a5f18c
      size: 1248
  original:
    hackage: hashable-1.4.1.0
- completed:
    hackage: profunctors-5.6.2@sha256:3d3685119243a7ebf984fa6af03299d156ab7674a432e2e15ecee2a4fd420fb6,2483
    pantry-tree:
      sha256: 2a839845b75d600ab5a51c582a740de87805f794caa5836b6a16250d9b535789
      size: 1588
  original:
    hackage: profunctors-5.6.2
- completed:
    hackage: base-orphans-0.8.7@sha256:58d5514b688ec037f53b9d60097b9d87f6b3847da68f65124987d67222c3a334,3175
    pantry-tree:
      sha256: b2433cf19ebc5696130ecf39a3ed756cdb00fd508423643b0cdd6f125c9803da
      size: 1272
  original:
    hackage: base-orphans-0.8.7
- completed:
    hackage: bifunctors-5.5.12@sha256:be0f858c893274deab8aa21f9e43b2f5931d9419604f23f82bb5c8a5d9b2c3e9,3948
    pantry-tree:
      sha256: 63073a0d1ebc4d3a3d59ed8b5a77c6510bc25f4b357e5c51df1bd772a41f591c
      size: 1758
  original:
    hackage: bifunctors-5.5.12
- completed:
    hackage: comonad-5.0.8@sha256:1f1aabd73ec7f80f20cf078a748a60cd48d8e57277802fdf6a9ab3601a9b8f7e,3631
    pantry-tree:
      sha256: 394660fe7fa4127e5a181890bce28b9fcd6eb180ba25aa5566bc8b5bdd385517
      size: 1618
  original:
    hackage: comonad-5.0.8
- completed:
    hackage: contravariant-1.5.5@sha256:470ed0e040e879e2da4af1b2c8f94e199f6135852a8107858d5ae0a95365835f,3041
    pantry-tree:
      sha256: 9eb62fea28548dc8a0f60fd47c12843092b78b24ed771b8ad63a0bb34dba8bc4
      size: 652
  original:
    hackage: contravariant-1.5.5
- completed:
    hackage: distributive-0.6.2.1@sha256:0f99f5541cca04acf89b64432b03422b6408e830a8dff30e6c4334ef1a48680c,2996
    pantry-tree:
      sha256: a42bed5fe0ba295643538312dee6c9436314c05a6f7efdd32b4303979f8bd744
      size: 735
  original:
    hackage: distributive-0.6.2.1
- completed:
    hackage: random-1.2.1.1@sha256:dea1f11e5569332dc6c8efaad1cb301016a5587b6754943a49f9de08ae0e56d9,6541
    pantry-tree:
      sha256: 646ee77fe01178837ee928b61ae8653dcf190e9b5353ebebd094079c77a18b76
      size: 1528
  original:
    hackage: random-1.2.1.1
- completed:
    hackage: splitmix-0.1.0.4@sha256:804e2574bc7e32d08cbab91e47ee6287b4df7d50851d73f9e778f94a9a7814c7,6521
    pantry-tree:
      sha256: b56f706c092dc0ac4875ef45bd18719386358c56667f6b604a733b66f9e4657f
      size: 1519
  original:
    hackage: splitmix-0.1.0.4
- completed:
    hackage: tagged-0.8.6.1@sha256:8a24aef29b8e35447ccc56658ea07c2aded30bfa8130ea057e382936e17c74a6,2874
    pantry-tree:
      sha256: 38c9b55d6918304b17a6c70a51ad9d981e9f64e08121482d9a801d4e4681a7db
      size: 496
  original:
    hackage: tagged-0.8.6.1
- completed:
    hackage: type-equality-1@sha256:7cd952c3ebf0da36ee05544e6209a850b22205fa8b749e17f4bacc5a8fe15269,1611
    pantry-tree:
      sha256: aa292d71248978a662e37137594fbb7a95e6273ceb4482fc5d2b1c9b01035ea3
      size: 313
  original:
    hackage: type-equality-1
- completed:
    hackage: StateVar-1.2.2@sha256:3c022c00485fe165e3080d5da6b3ca9c9b02f62c5deebc584d1b3d1309ce673e,1673
    pantry-tree:
      sha256: 204cac98219e99334f47b12c565945611748ea03a4d629273dd697d738bcfd7f
      size: 314
  original:
    hackage: StateVar-1.2.2
- completed:
    hackage: indexed-traversable-0.1.2@sha256:52a1b708abd921f91a5977f6ae53c4aa2b33f7c30be0fff17173f658b34c5350,2533
    pantry-tree:
      sha256: 0bedadc62cad982ab85dc4d57ca7cf353b526a46fd203addd9bf8b7cf0136c25
      size: 495
  original:
    hackage: indexed-traversable-0.1.2
- completed:
    hackage: optparse-applicative-0.17.0.0@sha256:0713e54cbb341e5cae979e2ac441eb3a5ff42e303001f432bd58c19e5638bdda,4967
    pantry-tree:
      sha256: 3b4398845ee6718fe2303870a5ab75bd190eb712fed2f22caaae30f790c490fd
      size: 3124
  original:
    hackage: optparse-applicative-0.17.0.0
- completed:
    hackage: ansi-wl-pprint-0.6.9@sha256:212144ea0623b1170807a4162db05d87f26cf10b334aeadd0edb377aba06a1ce,2425
    pantry-tree:
      sha256: 0a2390ba39c3b84f68e382cb25b58cea66d61a89dab818bb5e2a6c12642e2e21
      size: 472
  original:
    hackage: ansi-wl-pprint-0.6.9
- completed:
    hackage: singletons-3.0.2@sha256:eb9092cb181cb7c055185ab58bc2258477e1f493bcf72021f01d4054250bf7c7,2955
    pantry-tree:
      sha256: daac0894ca9cc35ef59f2cad4ba3cef9cf5a444eb7e3142dd7783b6db2fda564
      size: 713
  original:
    hackage: singletons-3.0.2
- completed:
    hackage: singletons-base-3.1.1@sha256:d7c1cf5e44f9609b535b1622d59eca3930d2fcdde5cc38b91446c1421a109248,7053
    pantry-tree:
      sha256: 012fa45c6c35cbbacbccf25931ded3c586f32cc4194d98fe61cc1dbaeee810fc
      size: 24949
  original:
    hackage: singletons-base-3.1.1
- completed:
    hackage: singletons-th-3.1.1@sha256:7c811b9ca86c090b3524754a0d119b2deb1fc5f401a1135a4d9db6a560f96c5a,4589
    pantry-tree:
      sha256: 6b561c418d474a844c83da33e301ba6baacae8a1134dbcfd554afea191ab451a
      size: 2538
  original:
    hackage: singletons-th-3.1.1
- completed:
    hackage: transformers-compat-0.7.2@sha256:044fb9955f63ee138fcebedfdcbe54afe741f2d5892a2d0bdf3a8052bd342643,5601
    pantry-tree:
      sha256: f49610c6a2faf82111e5d4222576f4afbcfa904bf56665232c5aa077dfc7578f
      size: 1724
  original:
    hackage: transformers-compat-0.7.2
- completed:
    hackage: ansi-terminal-0.11.3@sha256:cc499d5f4c09a7213cd752ee69dbb5a5b8f3d1c777274e609eea4bca5c68ac8c,3321
    pantry-tree:
      sha256: 71d732f3f95c8ddcebaa7645ff743dd91e680b5b5063e8707ef53d2eaf94c94e
      size: 1461
  original:
    hackage: ansi-terminal-0.11.3
- completed:
    hackage: syb-0.7.2.1@sha256:bf42655a213402215299e435c52f799e76cbec0b984cd7153d6b9af8a1c0803f,3815
    pantry-tree:
      sha256: 3ee55cc33d69da2953e7093f99199fbc0bfa9d90dccd19cac101d09befa5bbb3
      size: 3396
  original:
    hackage: syb-0.7.2.1
- completed:
    hackage: th-desugar-1.14@sha256:cd074b935106798ed3cf0238ed855a6c53dbaf71cc6c28c39460c752b6269eec,3644
    pantry-tree:
      sha256: d0504ef104f5482401a9d06d0adb1552579e5b6c96903773154a4f058c9e0da8
      size: 1785
  original:
    hackage: th-desugar-1.14
- completed:
    hackage: th-orphans-0.13.14@sha256:dae2c8d3c23fe880dd1e50584ce92f7cbb2da884dfd40bf95d6bb5ac370efb76,2917
    pantry-tree:
      sha256: 5734969c3dcdc471b051dfc90c204716ac821d5fe9737d2546b49d4d17995ae5
      size: 528
  original:
    hackage: th-orphans-0.13.14
- completed:
    hackage: colour-2.3.6@sha256:ebdcbf15023958838a527e381ab3c3b1e99ed12d1b25efeb7feaa4ad8c37664a,2378
    pantry-tree:
      sha256: 03f8e22f364deb86098dbfbe0bf83c896437b2355f139abdac0402658fb6ac7e
      size: 1183
  original:
    hackage: colour-2.3.6
- completed:
    hackage: ordered-containers-0.2.2@sha256:ebf2be3f592d9cf148ea6b8375f8af97148d44f82d8d04476899285e965afdbf,810
    pantry-tree:
      sha256: 757fd75227afa0107f8eb3ebb467856b1d7456276eb501d510c9b06cb5395fbc
      size: 526
  original:
    hackage: ordered-containers-0.2.2
- completed:
    hackage: th-abstraction-0.4.4.0@sha256:89aa9d81c94883c9e16c3534041f31949194011fdcf43be450f090bfb300b58d,2148
    pantry-tree:
      sha256: 4ba3b66edafbc0a947bf94033d66fdff72f19cd64da14f812bbf61064c865f46
      size: 670
  original:
    hackage: th-abstraction-0.4.4.0
- completed:
    hackage: th-compat-0.1.4@sha256:6ca77c4e80b4e4109e30549c269631a9cc295c8fc2431ce4123972a5f80f7bfc,3135
    pantry-tree:
      sha256: 263eba2c771ba43657c15c4f0b1989d88b92ba6acdba6f854b0dcc97366739f1
      size: 530
  original:
    hackage: th-compat-0.1.4
- completed:
    hackage: th-lift-0.8.2@sha256:f135f67b018c22889e68b094773273dcf8f9e16fcfa330bf4778f84fce8925e9,2677
    pantry-tree:
      sha256: b1043dc39a4763e79847596f7be723a2638da42cd3a572c25e867845bc60df2e
      size: 543
  original:
    hackage: th-lift-0.8.2
- completed:
    hackage: th-reify-many-0.1.10@sha256:1827dcffb0c9f214e9739053fc808683336ea65c3749ff2d6148db189cbbd2a4,1753
    pantry-tree:
      sha256: 3aed327bc5dff9c9c22bb7d1ea3e4e437b9f74face6fc682cefffe462913dfd0
      size: 373
  original:
    hackage: th-reify-many-0.1.10
- completed:
    hackage: safe-0.3.19@sha256:0910dafb8898f52bde4c646e560228a0fd08b1fca5457f222d2f5c0fad6d2039,2317
    pantry-tree:
      sha256: 40010636c24cebf3f3e29e9b3b8e6c35f249f5e5d253925433140bb0b4e3f891
      size: 564
  original:
    hackage: safe-0.3.19
- completed:
    hackage: th-expand-syns-0.4.10.0@sha256:4f0ae7278cf7b4485a37d550463bf8507e7550b93abcb085dc7bf41c3852def8,2130
    pantry-tree:
      sha256: 572868c0f5b15aab460da93f5e1783907e45f17f8804b39ae81d5ef08a89a0a6
      size: 550
  original:
    hackage: th-expand-syns-0.4.10.0
snapshots: []
