# This file was autogenerated by Stack.
# You should not edit this file by hand.
# For more information, please see the documentation at:
#   https://docs.haskellstack.org/en/stable/lock_files

packages: []
snapshots:
- completed:
    sha256: 942c655a71fac8bce908dd087c5b75b95c72a55b31a6838ff3ea63ceffc27bfb
    size: 599895
    url: https://raw.githubusercontent.com/commercialhaskell/stackage-snapshots/master/nightly/2023/3/24.yaml
  original: nightly-2023-03-24
