# This file was autogenerated by Stack.
# You should not edit this file by hand.
# For more information, please see the documentation at:
#   https://docs.haskellstack.org/en/stable/lock_files

packages:
- completed:
    hackage: mtl-2.3.1@sha256:5377696d7315e2ef31a8d15d67b22d733c20cac2caf8b26756ff8524c8217e6d,1868
    pantry-tree:
      sha256: ac3cf1dc9ef397512d4bf8f2c3fbe4d64fb8aabd253288b34bf86c09ae234d4f
      size: 1853
  original:
    hackage: mtl-2.3.1@sha256:5377696d7315e2ef31a8d15d67b22d733c20cac2caf8b26756ff8524c8217e6d,1868
snapshots:
- completed:
    sha256: 7e80ae1528f6a66a554ac890f5c9e91971ce95f680ebc220e42afa367d28a766
    size: 576654
    url: https://raw.githubusercontent.com/commercialhaskell/stackage-snapshots/master/nightly/2023/1/12.yaml
  original: nightly-2023-01-12
